// !$*UTF8*$!
{
	archiveVersion = 1;
	classes = {
	};
	objectVersion = 46;
	objects = {

/* Begin PBXBuildFile section */
		000CBB401855862200E5E7A7 /* Sparkle.framework in Copy Files */ = {isa = PBXBuildFile; fileRef = 0021B2611855830000C42444 /* Sparkle.framework */; };
		0021B260185582D100C42444 /* MultitouchSupport.framework in Frameworks */ = {isa = PBXBuildFile; fileRef = 0021B25F185582D100C42444 /* MultitouchSupport.framework */; };
		0021B2621855830000C42444 /* Sparkle.framework in Frameworks */ = {isa = PBXBuildFile; fileRef = 0021B2611855830000C42444 /* Sparkle.framework */; };
		0029FDF318557DE600BDBA25 /* AppButtonCell.m in Sources */ = {isa = PBXBuildFile; fileRef = 0029FDA018557DE600BDBA25 /* AppButtonCell.m */; };
		0029FDF418557DE600BDBA25 /* AppController.m in Sources */ = {isa = PBXBuildFile; fileRef = 0029FDA218557DE600BDBA25 /* AppController.m */; };
		0029FDF518557DE600BDBA25 /* Application.m in Sources */ = {isa = PBXBuildFile; fileRef = 0029FDA418557DE600BDBA25 /* Application.m */; };
		0029FDF618557DE600BDBA25 /* AppSegmentedCell.m in Sources */ = {isa = PBXBuildFile; fileRef = 0029FDA618557DE600BDBA25 /* AppSegmentedCell.m */; };
		0029FDF718557DE600BDBA25 /* AppTableCellView.m in Sources */ = {isa = PBXBuildFile; fileRef = 0029FDA818557DE600BDBA25 /* AppTableCellView.m */; };
		0029FDF818557DE600BDBA25 /* AppTableView.m in Sources */ = {isa = PBXBuildFile; fileRef = 0029FDAA18557DE600BDBA25 /* AppTableView.m */; };
		0029FDF918557DE600BDBA25 /* AppTextFieldCell.m in Sources */ = {isa = PBXBuildFile; fileRef = 0029FDAC18557DE600BDBA25 /* AppTextFieldCell.m */; };
		0029FDFB18557DE600BDBA25 /* background2.png in Resources */ = {isa = PBXBuildFile; fileRef = 0029FDAE18557DE600BDBA25 /* background2.png */; };
		0029FDFC18557DE600BDBA25 /* ChromePage.m in Sources */ = {isa = PBXBuildFile; fileRef = 0029FDB118557DE600BDBA25 /* ChromePage.m */; };
		0029FDFE18557DE600BDBA25 /* Gesture.m in Sources */ = {isa = PBXBuildFile; fileRef = 0029FDB518557DE600BDBA25 /* Gesture.m */; };
		0029FDFF18557DE600BDBA25 /* GesturePoint.m in Sources */ = {isa = PBXBuildFile; fileRef = 0029FDB718557DE600BDBA25 /* GesturePoint.m */; };
		0029FE0018557DE600BDBA25 /* GestureRecognitionController.m in Sources */ = {isa = PBXBuildFile; fileRef = 0029FDB918557DE600BDBA25 /* GestureRecognitionController.m */; };
		0029FE0118557DE600BDBA25 /* GestureRecognitionModel.m in Sources */ = {isa = PBXBuildFile; fileRef = 0029FDBB18557DE600BDBA25 /* GestureRecognitionModel.m */; };
		0029FE0218557DE600BDBA25 /* GestureRecognitionView.m in Sources */ = {isa = PBXBuildFile; fileRef = 0029FDBD18557DE600BDBA25 /* GestureRecognitionView.m */; };
		0029FE0318557DE600BDBA25 /* GestureRecognitionWindow.m in Sources */ = {isa = PBXBuildFile; fileRef = 0029FDBF18557DE600BDBA25 /* GestureRecognitionWindow.m */; };
		0029FE0418557DE600BDBA25 /* GestureRecognizer.m in Sources */ = {isa = PBXBuildFile; fileRef = 0029FDC118557DE600BDBA25 /* GestureRecognizer.m */; };
		0029FE0518557DE600BDBA25 /* GestureResult.m in Sources */ = {isa = PBXBuildFile; fileRef = 0029FDC318557DE600BDBA25 /* GestureResult.m */; };
		0029FE0618557DE600BDBA25 /* GestureSetupController.m in Sources */ = {isa = PBXBuildFile; fileRef = 0029FDC518557DE600BDBA25 /* GestureSetupController.m */; };
		0029FE0718557DE600BDBA25 /* GestureSetupModel.m in Sources */ = {isa = PBXBuildFile; fileRef = 0029FDC718557DE600BDBA25 /* GestureSetupModel.m */; };
		0029FE0818557DE600BDBA25 /* GestureSetupView.m in Sources */ = {isa = PBXBuildFile; fileRef = 0029FDC918557DE600BDBA25 /* GestureSetupView.m */; };
		0029FE0918557DE600BDBA25 /* GestureSetupWindow.m in Sources */ = {isa = PBXBuildFile; fileRef = 0029FDCB18557DE600BDBA25 /* GestureSetupWindow.m */; };
		0029FE0A18557DE600BDBA25 /* GestureStroke.m in Sources */ = {isa = PBXBuildFile; fileRef = 0029FDCD18557DE600BDBA25 /* GestureStroke.m */; };
		0029FE0B18557DE600BDBA25 /* GestureTemplate.m in Sources */ = {isa = PBXBuildFile; fileRef = 0029FDCF18557DE600BDBA25 /* GestureTemplate.m */; };
		0029FE0C18557DE600BDBA25 /* GestureUtils.m in Sources */ = {isa = PBXBuildFile; fileRef = 0029FDD118557DE600BDBA25 /* GestureUtils.m */; };
		0029FE0D18557DE600BDBA25 /* Launchable.m in Sources */ = {isa = PBXBuildFile; fileRef = 0029FDD318557DE600BDBA25 /* Launchable.m */; };
		0029FE0E18557DE600BDBA25 /* main.m in Sources */ = {isa = PBXBuildFile; fileRef = 0029FDD418557DE600BDBA25 /* main.m */; };
		0029FE0F18557DE600BDBA25 /* MainMenu.xib in Resources */ = {isa = PBXBuildFile; fileRef = 0029FDD518557DE600BDBA25 /* MainMenu.xib */; };
		0029FE1018557DE600BDBA25 /* MultitouchEvent.m in Sources */ = {isa = PBXBuildFile; fileRef = 0029FDD718557DE600BDBA25 /* MultitouchEvent.m */; };
		0029FE1118557DE600BDBA25 /* MultitouchListener.m in Sources */ = {isa = PBXBuildFile; fileRef = 0029FDD918557DE600BDBA25 /* MultitouchListener.m */; };
		0029FE1218557DE600BDBA25 /* MultitouchManager.m in Sources */ = {isa = PBXBuildFile; fileRef = 0029FDDB18557DE600BDBA25 /* MultitouchManager.m */; };
		0029FE1318557DE600BDBA25 /* MultitouchTouch.m in Sources */ = {isa = PBXBuildFile; fileRef = 0029FDDE18557DE600BDBA25 /* MultitouchTouch.m */; };
		0029FE1418557DE600BDBA25 /* niceLine.png in Resources */ = {isa = PBXBuildFile; fileRef = 0029FDDF18557DE600BDBA25 /* niceLine.png */; };
		0029FE1518557DE600BDBA25 /* niceLineFlipped.png in Resources */ = {isa = PBXBuildFile; fileRef = 0029FDE018557DE600BDBA25 /* niceLineFlipped.png */; };
		0029FE1618557DE600BDBA25 /* NSBezierPath+MCAdditions.m in Sources */ = {isa = PBXBuildFile; fileRef = 0029FDE218557DE600BDBA25 /* NSBezierPath+MCAdditions.m */; };
		0029FE1718557DE600BDBA25 /* NSColor+ColorExtensions.m in Sources */ = {isa = PBXBuildFile; fileRef = 0029FDE418557DE600BDBA25 /* NSColor+ColorExtensions.m */; };
		0029FE1818557DE600BDBA25 /* NSStatusItemPrioritizer.m in Sources */ = {isa = PBXBuildFile; fileRef = 0029FDE618557DE600BDBA25 /* NSStatusItemPrioritizer.m */; };
		0029FE1918557DE600BDBA25 /* RepeatedImageView.m in Sources */ = {isa = PBXBuildFile; fileRef = 0029FDE818557DE600BDBA25 /* RepeatedImageView.m */; };
		0029FE1A18557DE600BDBA25 /* SafariPage.m in Sources */ = {isa = PBXBuildFile; fileRef = 0029FDEB18557DE600BDBA25 /* SafariPage.m */; };
		0029FE1B18557DE600BDBA25 /* ShadowTextFieldCell.m in Sources */ = {isa = PBXBuildFile; fileRef = 0029FDED18557DE600BDBA25 /* ShadowTextFieldCell.m */; };
		0029FE1D18557DE600BDBA25 /* tableCellBack.png in Resources */ = {isa = PBXBuildFile; fileRef = 0029FDEF18557DE600BDBA25 /* tableCellBack.png */; };
		0029FE1E18557DE600BDBA25 /* trackpadBackground.png in Resources */ = {isa = PBXBuildFile; fileRef = 0029FDF018557DE600BDBA25 /* trackpadBackground.png */; };
		0029FE1F18557DE600BDBA25 /* WebPage.m in Sources */ = {isa = PBXBuildFile; fileRef = 0029FDF218557DE600BDBA25 /* WebPage.m */; };
		003743101885E30600F9B53A /* Images.xcassets in Resources */ = {isa = PBXBuildFile; fileRef = 0037430F1885E30600F9B53A /* Images.xcassets */; };
		00B20D2518C3EE480037706A /* RoundedCornerView.m in Sources */ = {isa = PBXBuildFile; fileRef = 00B20D2418C3EE480037706A /* RoundedCornerView.m */; };
		00D15EB81855520C00336935 /* Cocoa.framework in Frameworks */ = {isa = PBXBuildFile; fileRef = 00D15EB71855520C00336935 /* Cocoa.framework */; };
		00D15F3B185553AF00336935 /* CoreServices.framework in Frameworks */ = {isa = PBXBuildFile; fileRef = 00D15F3A185553AF00336935 /* CoreServices.framework */; };
		00D15F3F185553D100336935 /* Carbon.framework in Frameworks */ = {isa = PBXBuildFile; fileRef = 00D15F3E185553D100336935 /* Carbon.framework */; };
		00D15F41185553D900336935 /* QuartzCore.framework in Frameworks */ = {isa = PBXBuildFile; fileRef = 00D15F40185553D900336935 /* QuartzCore.framework */; };
		00F58E8018557E9300F23D42 /* ScriptingBridge.framework in Frameworks */ = {isa = PBXBuildFile; fileRef = 00F58E7F18557E9300F23D42 /* ScriptingBridge.framework */; };
/* End PBXBuildFile section */

/* Begin PBXCopyFilesBuildPhase section */
		00D15F51185556DF00336935 /* Copy Files */ = {
			isa = PBXCopyFilesBuildPhase;
			buildActionMask = 2147483647;
			dstPath = "";
			dstSubfolderSpec = 10;
			files = (
				000CBB401855862200E5E7A7 /* Sparkle.framework in Copy Files */,
			);
			name = "Copy Files";
			runOnlyForDeploymentPostprocessing = 0;
		};
/* End PBXCopyFilesBuildPhase section */

/* Begin PBXFileReference section */
		0021B25F185582D100C42444 /* MultitouchSupport.framework */ = {isa = PBXFileReference; lastKnownFileType = wrapper.framework; name = MultitouchSupport.framework; path = ../../../../../System/Library/PrivateFrameworks/MultitouchSupport.framework; sourceTree = "<group>"; };
		0021B2611855830000C42444 /* Sparkle.framework */ = {isa = PBXFileReference; lastKnownFileType = wrapper.framework; name = Sparkle.framework; path = Gestr/Sparkle.framework; sourceTree = "<group>"; };
		0029FD9F18557DE600BDBA25 /* AppButtonCell.h */ = {isa = PBXFileReference; fileEncoding = 4; lastKnownFileType = sourcecode.c.h; path = AppButtonCell.h; sourceTree = "<group>"; };
		0029FDA018557DE600BDBA25 /* AppButtonCell.m */ = {isa = PBXFileReference; fileEncoding = 4; lastKnownFileType = sourcecode.c.objc; path = AppButtonCell.m; sourceTree = "<group>"; };
		0029FDA118557DE600BDBA25 /* AppController.h */ = {isa = PBXFileReference; fileEncoding = 4; lastKnownFileType = sourcecode.c.h; path = AppController.h; sourceTree = "<group>"; };
		0029FDA218557DE600BDBA25 /* AppController.m */ = {isa = PBXFileReference; fileEncoding = 4; lastKnownFileType = sourcecode.c.objc; path = AppController.m; sourceTree = "<group>"; };
		0029FDA318557DE600BDBA25 /* Application.h */ = {isa = PBXFileReference; fileEncoding = 4; lastKnownFileType = sourcecode.c.h; path = Application.h; sourceTree = "<group>"; };
		0029FDA418557DE600BDBA25 /* Application.m */ = {isa = PBXFileReference; fileEncoding = 4; lastKnownFileType = sourcecode.c.objc; path = Application.m; sourceTree = "<group>"; };
		0029FDA518557DE600BDBA25 /* AppSegmentedCell.h */ = {isa = PBXFileReference; fileEncoding = 4; lastKnownFileType = sourcecode.c.h; path = AppSegmentedCell.h; sourceTree = "<group>"; };
		0029FDA618557DE600BDBA25 /* AppSegmentedCell.m */ = {isa = PBXFileReference; fileEncoding = 4; lastKnownFileType = sourcecode.c.objc; path = AppSegmentedCell.m; sourceTree = "<group>"; };
		0029FDA718557DE600BDBA25 /* AppTableCellView.h */ = {isa = PBXFileReference; fileEncoding = 4; lastKnownFileType = sourcecode.c.h; path = AppTableCellView.h; sourceTree = "<group>"; };
		0029FDA818557DE600BDBA25 /* AppTableCellView.m */ = {isa = PBXFileReference; fileEncoding = 4; lastKnownFileType = sourcecode.c.objc; path = AppTableCellView.m; sourceTree = "<group>"; };
		0029FDA918557DE600BDBA25 /* AppTableView.h */ = {isa = PBXFileReference; fileEncoding = 4; lastKnownFileType = sourcecode.c.h; path = AppTableView.h; sourceTree = "<group>"; };
		0029FDAA18557DE600BDBA25 /* AppTableView.m */ = {isa = PBXFileReference; fileEncoding = 4; lastKnownFileType = sourcecode.c.objc; path = AppTableView.m; sourceTree = "<group>"; };
		0029FDAB18557DE600BDBA25 /* AppTextFieldCell.h */ = {isa = PBXFileReference; fileEncoding = 4; lastKnownFileType = sourcecode.c.h; path = AppTextFieldCell.h; sourceTree = "<group>"; };
		0029FDAC18557DE600BDBA25 /* AppTextFieldCell.m */ = {isa = PBXFileReference; fileEncoding = 4; lastKnownFileType = sourcecode.c.objc; path = AppTextFieldCell.m; sourceTree = "<group>"; };
		0029FDAE18557DE600BDBA25 /* background2.png */ = {isa = PBXFileReference; lastKnownFileType = image.png; path = background2.png; sourceTree = "<group>"; };
		0029FDAF18557DE600BDBA25 /* Chrome.h */ = {isa = PBXFileReference; fileEncoding = 4; lastKnownFileType = sourcecode.c.h; path = Chrome.h; sourceTree = "<group>"; };
		0029FDB018557DE600BDBA25 /* ChromePage.h */ = {isa = PBXFileReference; fileEncoding = 4; lastKnownFileType = sourcecode.c.h; path = ChromePage.h; sourceTree = "<group>"; };
		0029FDB118557DE600BDBA25 /* ChromePage.m */ = {isa = PBXFileReference; fileEncoding = 4; lastKnownFileType = sourcecode.c.objc; path = ChromePage.m; sourceTree = "<group>"; };
		0029FDB218557DE600BDBA25 /* Gestr-Info.plist */ = {isa = PBXFileReference; fileEncoding = 4; lastKnownFileType = text.plist.xml; path = "Gestr-Info.plist"; sourceTree = "<group>"; };
		0029FDB318557DE600BDBA25 /* Gestr-Prefix.pch */ = {isa = PBXFileReference; fileEncoding = 4; lastKnownFileType = sourcecode.c.h; path = "Gestr-Prefix.pch"; sourceTree = "<group>"; };
		0029FDB418557DE600BDBA25 /* Gesture.h */ = {isa = PBXFileReference; fileEncoding = 4; lastKnownFileType = sourcecode.c.h; path = Gesture.h; sourceTree = "<group>"; };
		0029FDB518557DE600BDBA25 /* Gesture.m */ = {isa = PBXFileReference; fileEncoding = 4; lastKnownFileType = sourcecode.c.objc; path = Gesture.m; sourceTree = "<group>"; };
		0029FDB618557DE600BDBA25 /* GesturePoint.h */ = {isa = PBXFileReference; fileEncoding = 4; lastKnownFileType = sourcecode.c.h; path = GesturePoint.h; sourceTree = "<group>"; };
		0029FDB718557DE600BDBA25 /* GesturePoint.m */ = {isa = PBXFileReference; fileEncoding = 4; lastKnownFileType = sourcecode.c.objc; path = GesturePoint.m; sourceTree = "<group>"; };
		0029FDB818557DE600BDBA25 /* GestureRecognitionController.h */ = {isa = PBXFileReference; fileEncoding = 4; lastKnownFileType = sourcecode.c.h; path = GestureRecognitionController.h; sourceTree = "<group>"; };
		0029FDB918557DE600BDBA25 /* GestureRecognitionController.m */ = {isa = PBXFileReference; fileEncoding = 4; lastKnownFileType = sourcecode.c.objc; path = GestureRecognitionController.m; sourceTree = "<group>"; };
		0029FDBA18557DE600BDBA25 /* GestureRecognitionModel.h */ = {isa = PBXFileReference; fileEncoding = 4; lastKnownFileType = sourcecode.c.h; path = GestureRecognitionModel.h; sourceTree = "<group>"; };
		0029FDBB18557DE600BDBA25 /* GestureRecognitionModel.m */ = {isa = PBXFileReference; fileEncoding = 4; lastKnownFileType = sourcecode.c.objc; path = GestureRecognitionModel.m; sourceTree = "<group>"; };
		0029FDBC18557DE600BDBA25 /* GestureRecognitionView.h */ = {isa = PBXFileReference; fileEncoding = 4; lastKnownFileType = sourcecode.c.h; path = GestureRecognitionView.h; sourceTree = "<group>"; };
		0029FDBD18557DE600BDBA25 /* GestureRecognitionView.m */ = {isa = PBXFileReference; fileEncoding = 4; lastKnownFileType = sourcecode.c.objc; path = GestureRecognitionView.m; sourceTree = "<group>"; };
		0029FDBE18557DE600BDBA25 /* GestureRecognitionWindow.h */ = {isa = PBXFileReference; fileEncoding = 4; lastKnownFileType = sourcecode.c.h; path = GestureRecognitionWindow.h; sourceTree = "<group>"; };
		0029FDBF18557DE600BDBA25 /* GestureRecognitionWindow.m */ = {isa = PBXFileReference; fileEncoding = 4; lastKnownFileType = sourcecode.c.objc; path = GestureRecognitionWindow.m; sourceTree = "<group>"; };
		0029FDC018557DE600BDBA25 /* GestureRecognizer.h */ = {isa = PBXFileReference; fileEncoding = 4; lastKnownFileType = sourcecode.c.h; path = GestureRecognizer.h; sourceTree = "<group>"; };
		0029FDC118557DE600BDBA25 /* GestureRecognizer.m */ = {isa = PBXFileReference; fileEncoding = 4; lastKnownFileType = sourcecode.c.objc; path = GestureRecognizer.m; sourceTree = "<group>"; };
		0029FDC218557DE600BDBA25 /* GestureResult.h */ = {isa = PBXFileReference; fileEncoding = 4; lastKnownFileType = sourcecode.c.h; path = GestureResult.h; sourceTree = "<group>"; };
		0029FDC318557DE600BDBA25 /* GestureResult.m */ = {isa = PBXFileReference; fileEncoding = 4; lastKnownFileType = sourcecode.c.objc; path = GestureResult.m; sourceTree = "<group>"; };
		0029FDC418557DE600BDBA25 /* GestureSetupController.h */ = {isa = PBXFileReference; fileEncoding = 4; lastKnownFileType = sourcecode.c.h; path = GestureSetupController.h; sourceTree = "<group>"; };
		0029FDC518557DE600BDBA25 /* GestureSetupController.m */ = {isa = PBXFileReference; fileEncoding = 4; lastKnownFileType = sourcecode.c.objc; path = GestureSetupController.m; sourceTree = "<group>"; };
		0029FDC618557DE600BDBA25 /* GestureSetupModel.h */ = {isa = PBXFileReference; fileEncoding = 4; lastKnownFileType = sourcecode.c.h; path = GestureSetupModel.h; sourceTree = "<group>"; };
		0029FDC718557DE600BDBA25 /* GestureSetupModel.m */ = {isa = PBXFileReference; fileEncoding = 4; lastKnownFileType = sourcecode.c.objc; path = GestureSetupModel.m; sourceTree = "<group>"; };
		0029FDC818557DE600BDBA25 /* GestureSetupView.h */ = {isa = PBXFileReference; fileEncoding = 4; lastKnownFileType = sourcecode.c.h; path = GestureSetupView.h; sourceTree = "<group>"; };
		0029FDC918557DE600BDBA25 /* GestureSetupView.m */ = {isa = PBXFileReference; fileEncoding = 4; lastKnownFileType = sourcecode.c.objc; path = GestureSetupView.m; sourceTree = "<group>"; };
		0029FDCA18557DE600BDBA25 /* GestureSetupWindow.h */ = {isa = PBXFileReference; fileEncoding = 4; lastKnownFileType = sourcecode.c.h; path = GestureSetupWindow.h; sourceTree = "<group>"; };
		0029FDCB18557DE600BDBA25 /* GestureSetupWindow.m */ = {isa = PBXFileReference; fileEncoding = 4; lastKnownFileType = sourcecode.c.objc; path = GestureSetupWindow.m; sourceTree = "<group>"; };
		0029FDCC18557DE600BDBA25 /* GestureStroke.h */ = {isa = PBXFileReference; fileEncoding = 4; lastKnownFileType = sourcecode.c.h; path = GestureStroke.h; sourceTree = "<group>"; };
		0029FDCD18557DE600BDBA25 /* GestureStroke.m */ = {isa = PBXFileReference; fileEncoding = 4; lastKnownFileType = sourcecode.c.objc; path = GestureStroke.m; sourceTree = "<group>"; };
		0029FDCE18557DE600BDBA25 /* GestureTemplate.h */ = {isa = PBXFileReference; fileEncoding = 4; lastKnownFileType = sourcecode.c.h; path = GestureTemplate.h; sourceTree = "<group>"; };
		0029FDCF18557DE600BDBA25 /* GestureTemplate.m */ = {isa = PBXFileReference; fileEncoding = 4; lastKnownFileType = sourcecode.c.objc; path = GestureTemplate.m; sourceTree = "<group>"; };
		0029FDD018557DE600BDBA25 /* GestureUtils.h */ = {isa = PBXFileReference; fileEncoding = 4; lastKnownFileType = sourcecode.c.h; path = GestureUtils.h; sourceTree = "<group>"; };
		0029FDD118557DE600BDBA25 /* GestureUtils.m */ = {isa = PBXFileReference; fileEncoding = 4; lastKnownFileType = sourcecode.c.objc; path = GestureUtils.m; sourceTree = "<group>"; };
		0029FDD218557DE600BDBA25 /* Launchable.h */ = {isa = PBXFileReference; fileEncoding = 4; lastKnownFileType = sourcecode.c.h; path = Launchable.h; sourceTree = "<group>"; };
		0029FDD318557DE600BDBA25 /* Launchable.m */ = {isa = PBXFileReference; fileEncoding = 4; lastKnownFileType = sourcecode.c.objc; path = Launchable.m; sourceTree = "<group>"; };
		0029FDD418557DE600BDBA25 /* main.m */ = {isa = PBXFileReference; fileEncoding = 4; lastKnownFileType = sourcecode.c.objc; path = main.m; sourceTree = "<group>"; };
		0029FDD518557DE600BDBA25 /* MainMenu.xib */ = {isa = PBXFileReference; fileEncoding = 4; lastKnownFileType = file.xib; path = MainMenu.xib; sourceTree = "<group>"; };
		0029FDD618557DE600BDBA25 /* MultitouchEvent.h */ = {isa = PBXFileReference; fileEncoding = 4; lastKnownFileType = sourcecode.c.h; path = MultitouchEvent.h; sourceTree = "<group>"; };
		0029FDD718557DE600BDBA25 /* MultitouchEvent.m */ = {isa = PBXFileReference; fileEncoding = 4; lastKnownFileType = sourcecode.c.objc; path = MultitouchEvent.m; sourceTree = "<group>"; };
		0029FDD818557DE600BDBA25 /* MultitouchListener.h */ = {isa = PBXFileReference; fileEncoding = 4; lastKnownFileType = sourcecode.c.h; path = MultitouchListener.h; sourceTree = "<group>"; };
		0029FDD918557DE600BDBA25 /* MultitouchListener.m */ = {isa = PBXFileReference; fileEncoding = 4; lastKnownFileType = sourcecode.c.objc; path = MultitouchListener.m; sourceTree = "<group>"; };
		0029FDDA18557DE600BDBA25 /* MultitouchManager.h */ = {isa = PBXFileReference; fileEncoding = 4; lastKnownFileType = sourcecode.c.h; path = MultitouchManager.h; sourceTree = "<group>"; };
		0029FDDB18557DE600BDBA25 /* MultitouchManager.m */ = {isa = PBXFileReference; fileEncoding = 4; lastKnownFileType = sourcecode.c.objc; path = MultitouchManager.m; sourceTree = "<group>"; };
		0029FDDC18557DE600BDBA25 /* MultitouchSupport.h */ = {isa = PBXFileReference; fileEncoding = 4; lastKnownFileType = sourcecode.c.h; path = MultitouchSupport.h; sourceTree = "<group>"; };
		0029FDDD18557DE600BDBA25 /* MultitouchTouch.h */ = {isa = PBXFileReference; fileEncoding = 4; lastKnownFileType = sourcecode.c.h; path = MultitouchTouch.h; sourceTree = "<group>"; };
		0029FDDE18557DE600BDBA25 /* MultitouchTouch.m */ = {isa = PBXFileReference; fileEncoding = 4; lastKnownFileType = sourcecode.c.objc; path = MultitouchTouch.m; sourceTree = "<group>"; };
		0029FDDF18557DE600BDBA25 /* niceLine.png */ = {isa = PBXFileReference; lastKnownFileType = image.png; path = niceLine.png; sourceTree = "<group>"; };
		0029FDE018557DE600BDBA25 /* niceLineFlipped.png */ = {isa = PBXFileReference; lastKnownFileType = image.png; path = niceLineFlipped.png; sourceTree = "<group>"; };
		0029FDE118557DE600BDBA25 /* NSBezierPath+MCAdditions.h */ = {isa = PBXFileReference; fileEncoding = 4; lastKnownFileType = sourcecode.c.h; path = "NSBezierPath+MCAdditions.h"; sourceTree = "<group>"; };
		0029FDE218557DE600BDBA25 /* NSBezierPath+MCAdditions.m */ = {isa = PBXFileReference; fileEncoding = 4; lastKnownFileType = sourcecode.c.objc; path = "NSBezierPath+MCAdditions.m"; sourceTree = "<group>"; };
		0029FDE318557DE600BDBA25 /* NSColor+ColorExtensions.h */ = {isa = PBXFileReference; fileEncoding = 4; lastKnownFileType = sourcecode.c.h; path = "NSColor+ColorExtensions.h"; sourceTree = "<group>"; };
		0029FDE418557DE600BDBA25 /* NSColor+ColorExtensions.m */ = {isa = PBXFileReference; fileEncoding = 4; lastKnownFileType = sourcecode.c.objc; path = "NSColor+ColorExtensions.m"; sourceTree = "<group>"; };
		0029FDE518557DE600BDBA25 /* NSStatusItemPrioritizer.h */ = {isa = PBXFileReference; fileEncoding = 4; lastKnownFileType = sourcecode.c.h; path = NSStatusItemPrioritizer.h; sourceTree = "<group>"; };
		0029FDE618557DE600BDBA25 /* NSStatusItemPrioritizer.m */ = {isa = PBXFileReference; fileEncoding = 4; lastKnownFileType = sourcecode.c.objc; path = NSStatusItemPrioritizer.m; sourceTree = "<group>"; };
		0029FDE718557DE600BDBA25 /* RepeatedImageView.h */ = {isa = PBXFileReference; fileEncoding = 4; lastKnownFileType = sourcecode.c.h; path = RepeatedImageView.h; sourceTree = "<group>"; };
		0029FDE818557DE600BDBA25 /* RepeatedImageView.m */ = {isa = PBXFileReference; fileEncoding = 4; lastKnownFileType = sourcecode.c.objc; path = RepeatedImageView.m; sourceTree = "<group>"; };
		0029FDE918557DE600BDBA25 /* Safari.h */ = {isa = PBXFileReference; fileEncoding = 4; lastKnownFileType = sourcecode.c.h; path = Safari.h; sourceTree = "<group>"; };
		0029FDEA18557DE600BDBA25 /* SafariPage.h */ = {isa = PBXFileReference; fileEncoding = 4; lastKnownFileType = sourcecode.c.h; path = SafariPage.h; sourceTree = "<group>"; };
		0029FDEB18557DE600BDBA25 /* SafariPage.m */ = {isa = PBXFileReference; fileEncoding = 4; lastKnownFileType = sourcecode.c.objc; path = SafariPage.m; sourceTree = "<group>"; };
		0029FDEC18557DE600BDBA25 /* ShadowTextFieldCell.h */ = {isa = PBXFileReference; fileEncoding = 4; lastKnownFileType = sourcecode.c.h; path = ShadowTextFieldCell.h; sourceTree = "<group>"; };
		0029FDED18557DE600BDBA25 /* ShadowTextFieldCell.m */ = {isa = PBXFileReference; fileEncoding = 4; lastKnownFileType = sourcecode.c.objc; path = ShadowTextFieldCell.m; sourceTree = "<group>"; };
		0029FDEF18557DE600BDBA25 /* tableCellBack.png */ = {isa = PBXFileReference; lastKnownFileType = image.png; path = tableCellBack.png; sourceTree = "<group>"; };
		0029FDF018557DE600BDBA25 /* trackpadBackground.png */ = {isa = PBXFileReference; lastKnownFileType = image.png; path = trackpadBackground.png; sourceTree = "<group>"; };
		0029FDF118557DE600BDBA25 /* WebPage.h */ = {isa = PBXFileReference; fileEncoding = 4; lastKnownFileType = sourcecode.c.h; path = WebPage.h; sourceTree = "<group>"; };
		0029FDF218557DE600BDBA25 /* WebPage.m */ = {isa = PBXFileReference; fileEncoding = 4; lastKnownFileType = sourcecode.c.objc; path = WebPage.m; sourceTree = "<group>"; };
		0037430F1885E30600F9B53A /* Images.xcassets */ = {isa = PBXFileReference; lastKnownFileType = folder.assetcatalog; path = Images.xcassets; sourceTree = "<group>"; };
		00B20D2318C3EE480037706A /* RoundedCornerView.h */ = {isa = PBXFileReference; fileEncoding = 4; lastKnownFileType = sourcecode.c.h; path = RoundedCornerView.h; sourceTree = "<group>"; };
		00B20D2418C3EE480037706A /* RoundedCornerView.m */ = {isa = PBXFileReference; fileEncoding = 4; lastKnownFileType = sourcecode.c.objc; path = RoundedCornerView.m; sourceTree = "<group>"; };
		00D15EB41855520C00336935 /* Gestr.app */ = {isa = PBXFileReference; explicitFileType = wrapper.application; includeInIndex = 0; path = Gestr.app; sourceTree = BUILT_PRODUCTS_DIR; };
		00D15EB71855520C00336935 /* Cocoa.framework */ = {isa = PBXFileReference; lastKnownFileType = wrapper.framework; name = Cocoa.framework; path = System/Library/Frameworks/Cocoa.framework; sourceTree = SDKROOT; };
		00D15EBA1855520C00336935 /* AppKit.framework */ = {isa = PBXFileReference; lastKnownFileType = wrapper.framework; name = AppKit.framework; path = System/Library/Frameworks/AppKit.framework; sourceTree = SDKROOT; };
		00D15EBC1855520C00336935 /* Foundation.framework */ = {isa = PBXFileReference; lastKnownFileType = wrapper.framework; name = Foundation.framework; path = System/Library/Frameworks/Foundation.framework; sourceTree = SDKROOT; };
		00D15F3A185553AF00336935 /* CoreServices.framework */ = {isa = PBXFileReference; lastKnownFileType = wrapper.framework; name = CoreServices.framework; path = System/Library/Frameworks/CoreServices.framework; sourceTree = SDKROOT; };
		00D15F3E185553D100336935 /* Carbon.framework */ = {isa = PBXFileReference; lastKnownFileType = wrapper.framework; name = Carbon.framework; path = System/Library/Frameworks/Carbon.framework; sourceTree = SDKROOT; };
		00D15F40185553D900336935 /* QuartzCore.framework */ = {isa = PBXFileReference; lastKnownFileType = wrapper.framework; name = QuartzCore.framework; path = System/Library/Frameworks/QuartzCore.framework; sourceTree = SDKROOT; };
		00F58E7F18557E9300F23D42 /* ScriptingBridge.framework */ = {isa = PBXFileReference; lastKnownFileType = wrapper.framework; name = ScriptingBridge.framework; path = System/Library/Frameworks/ScriptingBridge.framework; sourceTree = SDKROOT; };
/* End PBXFileReference section */

/* Begin PBXFrameworksBuildPhase section */
		00D15EB11855520C00336935 /* Frameworks */ = {
			isa = PBXFrameworksBuildPhase;
			buildActionMask = 2147483647;
			files = (
				0021B2621855830000C42444 /* Sparkle.framework in Frameworks */,
				0021B260185582D100C42444 /* MultitouchSupport.framework in Frameworks */,
				00F58E8018557E9300F23D42 /* ScriptingBridge.framework in Frameworks */,
				00D15F41185553D900336935 /* QuartzCore.framework in Frameworks */,
				00D15F3F185553D100336935 /* Carbon.framework in Frameworks */,
				00D15F3B185553AF00336935 /* CoreServices.framework in Frameworks */,
				00D15EB81855520C00336935 /* Cocoa.framework in Frameworks */,
			);
			runOnlyForDeploymentPostprocessing = 0;
		};
/* End PBXFrameworksBuildPhase section */

/* Begin PBXGroup section */
		00D15EAB1855520C00336935 = {
			isa = PBXGroup;
			children = (
				00D15EBD1855520C00336935 /* Gestr */,
				00D15EB61855520C00336935 /* Frameworks */,
				00D15EB51855520C00336935 /* Products */,
			);
			sourceTree = "<group>";
		};
		00D15EB51855520C00336935 /* Products */ = {
			isa = PBXGroup;
			children = (
				00D15EB41855520C00336935 /* Gestr.app */,
			);
			name = Products;
			sourceTree = "<group>";
		};
		00D15EB61855520C00336935 /* Frameworks */ = {
			isa = PBXGroup;
			children = (
				0021B2611855830000C42444 /* Sparkle.framework */,
				0021B25F185582D100C42444 /* MultitouchSupport.framework */,
				00F58E7F18557E9300F23D42 /* ScriptingBridge.framework */,
				00D15F40185553D900336935 /* QuartzCore.framework */,
				00D15F3E185553D100336935 /* Carbon.framework */,
				00D15F3A185553AF00336935 /* CoreServices.framework */,
				00D15EB71855520C00336935 /* Cocoa.framework */,
				00D15EB91855520C00336935 /* Other Frameworks */,
			);
			name = Frameworks;
			sourceTree = "<group>";
		};
		00D15EB91855520C00336935 /* Other Frameworks */ = {
			isa = PBXGroup;
			children = (
				00D15EBA1855520C00336935 /* AppKit.framework */,
				00D15EBC1855520C00336935 /* Foundation.framework */,
			);
			name = "Other Frameworks";
			sourceTree = "<group>";
		};
		00D15EBD1855520C00336935 /* Gestr */ = {
			isa = PBXGroup;
			children = (
				0029FDA118557DE600BDBA25 /* AppController.h */,
				0029FDA218557DE600BDBA25 /* AppController.m */,
				0029FDD518557DE600BDBA25 /* MainMenu.xib */,
				00F58E8318557F2800F23D42 /* Gesture Recognition */,
				00F58E8418557F3300F23D42 /* Gesture Setup */,
				00F58E8518557F7100F23D42 /* Multitouch Support */,
				00F58E8218557F0A00F23D42 /* Gesture Detection */,
				00F58E8618557F9600F23D42 /* Categories */,
				00F58E8118557EC600F23D42 /* Supporting Files */,
			);
			path = Gestr;
			sourceTree = "<group>";
		};
		00F58E8118557EC600F23D42 /* Supporting Files */ = {
			isa = PBXGroup;
			children = (
				0037430F1885E30600F9B53A /* Images.xcassets */,
				0029FDAF18557DE600BDBA25 /* Chrome.h */,
				0029FDE918557DE600BDBA25 /* Safari.h */,
				0029FDEF18557DE600BDBA25 /* tableCellBack.png */,
				0029FDF018557DE600BDBA25 /* trackpadBackground.png */,
				0029FDDF18557DE600BDBA25 /* niceLine.png */,
				0029FDE018557DE600BDBA25 /* niceLineFlipped.png */,
				0029FDAE18557DE600BDBA25 /* background2.png */,
				0029FDB218557DE600BDBA25 /* Gestr-Info.plist */,
				0029FDB318557DE600BDBA25 /* Gestr-Prefix.pch */,
				0029FDD418557DE600BDBA25 /* main.m */,
			);
			name = "Supporting Files";
			sourceTree = "<group>";
		};
		00F58E8218557F0A00F23D42 /* Gesture Detection */ = {
			isa = PBXGroup;
			children = (
				0029FDB418557DE600BDBA25 /* Gesture.h */,
				0029FDB518557DE600BDBA25 /* Gesture.m */,
				0029FDB618557DE600BDBA25 /* GesturePoint.h */,
				0029FDB718557DE600BDBA25 /* GesturePoint.m */,
				0029FDC018557DE600BDBA25 /* GestureRecognizer.h */,
				0029FDC118557DE600BDBA25 /* GestureRecognizer.m */,
				0029FDC218557DE600BDBA25 /* GestureResult.h */,
				0029FDC318557DE600BDBA25 /* GestureResult.m */,
				0029FDCC18557DE600BDBA25 /* GestureStroke.h */,
				0029FDCD18557DE600BDBA25 /* GestureStroke.m */,
				0029FDCE18557DE600BDBA25 /* GestureTemplate.h */,
				0029FDCF18557DE600BDBA25 /* GestureTemplate.m */,
				0029FDD018557DE600BDBA25 /* GestureUtils.h */,
				0029FDD118557DE600BDBA25 /* GestureUtils.m */,
			);
			name = "Gesture Detection";
			sourceTree = "<group>";
		};
		00F58E8318557F2800F23D42 /* Gesture Recognition */ = {
			isa = PBXGroup;
			children = (
				00F58E8C1855803100F23D42 /* View */,
				00F58E8B1855802C00F23D42 /* Model */,
				00F58E8A1855802600F23D42 /* Controller */,
			);
			name = "Gesture Recognition";
			sourceTree = "<group>";
		};
		00F58E8418557F3300F23D42 /* Gesture Setup */ = {
			isa = PBXGroup;
			children = (
				00F58E891855801C00F23D42 /* View */,
				00F58E881855801200F23D42 /* Model */,
				00F58E871855800C00F23D42 /* Controller */,
			);
			name = "Gesture Setup";
			sourceTree = "<group>";
		};
		00F58E8518557F7100F23D42 /* Multitouch Support */ = {
			isa = PBXGroup;
			children = (
				0029FDD618557DE600BDBA25 /* MultitouchEvent.h */,
				0029FDD718557DE600BDBA25 /* MultitouchEvent.m */,
				0029FDD818557DE600BDBA25 /* MultitouchListener.h */,
				0029FDD918557DE600BDBA25 /* MultitouchListener.m */,
				0029FDDA18557DE600BDBA25 /* MultitouchManager.h */,
				0029FDDB18557DE600BDBA25 /* MultitouchManager.m */,
				0029FDDC18557DE600BDBA25 /* MultitouchSupport.h */,
				0029FDDD18557DE600BDBA25 /* MultitouchTouch.h */,
				0029FDDE18557DE600BDBA25 /* MultitouchTouch.m */,
			);
			name = "Multitouch Support";
			sourceTree = "<group>";
		};
		00F58E8618557F9600F23D42 /* Categories */ = {
			isa = PBXGroup;
			children = (
				0029FDE118557DE600BDBA25 /* NSBezierPath+MCAdditions.h */,
				0029FDE218557DE600BDBA25 /* NSBezierPath+MCAdditions.m */,
				0029FDE318557DE600BDBA25 /* NSColor+ColorExtensions.h */,
				0029FDE418557DE600BDBA25 /* NSColor+ColorExtensions.m */,
				0029FDE518557DE600BDBA25 /* NSStatusItemPrioritizer.h */,
				0029FDE618557DE600BDBA25 /* NSStatusItemPrioritizer.m */,
			);
			name = Categories;
			sourceTree = "<group>";
		};
		00F58E871855800C00F23D42 /* Controller */ = {
			isa = PBXGroup;
			children = (
				0029FDC418557DE600BDBA25 /* GestureSetupController.h */,
				0029FDC518557DE600BDBA25 /* GestureSetupController.m */,
			);
			name = Controller;
			sourceTree = "<group>";
		};
		00F58E881855801200F23D42 /* Model */ = {
			isa = PBXGroup;
			children = (
				0029FDC618557DE600BDBA25 /* GestureSetupModel.h */,
				0029FDC718557DE600BDBA25 /* GestureSetupModel.m */,
				0029FDD218557DE600BDBA25 /* Launchable.h */,
				0029FDD318557DE600BDBA25 /* Launchable.m */,
				0029FDA318557DE600BDBA25 /* Application.h */,
				0029FDA418557DE600BDBA25 /* Application.m */,
				0029FDF118557DE600BDBA25 /* WebPage.h */,
				0029FDF218557DE600BDBA25 /* WebPage.m */,
				0029FDB018557DE600BDBA25 /* ChromePage.h */,
				0029FDB118557DE600BDBA25 /* ChromePage.m */,
				0029FDEA18557DE600BDBA25 /* SafariPage.h */,
				0029FDEB18557DE600BDBA25 /* SafariPage.m */,
			);
			name = Model;
			sourceTree = "<group>";
		};
		00F58E891855801C00F23D42 /* View */ = {
			isa = PBXGroup;
			children = (
				0029FDC818557DE600BDBA25 /* GestureSetupView.h */,
				0029FDC918557DE600BDBA25 /* GestureSetupView.m */,
				0029FDCA18557DE600BDBA25 /* GestureSetupWindow.h */,
				0029FDCB18557DE600BDBA25 /* GestureSetupWindow.m */,
				0029FD9F18557DE600BDBA25 /* AppButtonCell.h */,
				0029FDA018557DE600BDBA25 /* AppButtonCell.m */,
				0029FDA518557DE600BDBA25 /* AppSegmentedCell.h */,
				0029FDA618557DE600BDBA25 /* AppSegmentedCell.m */,
				0029FDA718557DE600BDBA25 /* AppTableCellView.h */,
				0029FDA818557DE600BDBA25 /* AppTableCellView.m */,
				0029FDA918557DE600BDBA25 /* AppTableView.h */,
				0029FDAA18557DE600BDBA25 /* AppTableView.m */,
				0029FDAB18557DE600BDBA25 /* AppTextFieldCell.h */,
				0029FDAC18557DE600BDBA25 /* AppTextFieldCell.m */,
				0029FDE718557DE600BDBA25 /* RepeatedImageView.h */,
				0029FDE818557DE600BDBA25 /* RepeatedImageView.m */,
				0029FDEC18557DE600BDBA25 /* ShadowTextFieldCell.h */,
				0029FDED18557DE600BDBA25 /* ShadowTextFieldCell.m */,
			);
			name = View;
			sourceTree = "<group>";
		};
		00F58E8A1855802600F23D42 /* Controller */ = {
			isa = PBXGroup;
			children = (
				0029FDB818557DE600BDBA25 /* GestureRecognitionController.h */,
				0029FDB918557DE600BDBA25 /* GestureRecognitionController.m */,
			);
			name = Controller;
			sourceTree = "<group>";
		};
		00F58E8B1855802C00F23D42 /* Model */ = {
			isa = PBXGroup;
			children = (
				0029FDBA18557DE600BDBA25 /* GestureRecognitionModel.h */,
				0029FDBB18557DE600BDBA25 /* GestureRecognitionModel.m */,
			);
			name = Model;
			sourceTree = "<group>";
		};
		00F58E8C1855803100F23D42 /* View */ = {
			isa = PBXGroup;
			children = (
				0029FDBC18557DE600BDBA25 /* GestureRecognitionView.h */,
				0029FDBD18557DE600BDBA25 /* GestureRecognitionView.m */,
				0029FDBE18557DE600BDBA25 /* GestureRecognitionWindow.h */,
				0029FDBF18557DE600BDBA25 /* GestureRecognitionWindow.m */,
				00B20D2318C3EE480037706A /* RoundedCornerView.h */,
				00B20D2418C3EE480037706A /* RoundedCornerView.m */,
			);
			name = View;
			sourceTree = "<group>";
		};
/* End PBXGroup section */

/* Begin PBXNativeTarget section */
		00D15EB31855520C00336935 /* Gestr */ = {
			isa = PBXNativeTarget;
			buildConfigurationList = 00D15EE51855520D00336935 /* Build configuration list for PBXNativeTarget "Gestr" */;
			buildPhases = (
				00D15EB01855520C00336935 /* Sources */,
				00D15EB11855520C00336935 /* Frameworks */,
				00D15EB21855520C00336935 /* Resources */,
				00D15F51185556DF00336935 /* Copy Files */,
			);
			buildRules = (
			);
			dependencies = (
			);
			name = Gestr;
			productName = Tapr;
			productReference = 00D15EB41855520C00336935 /* Gestr.app */;
			productType = "com.apple.product-type.application";
		};
/* End PBXNativeTarget section */

/* Begin PBXProject section */
		00D15EAC1855520C00336935 /* Project object */ = {
			isa = PBXProject;
			attributes = {
				LastUpgradeCheck = 0500;
				ORGANIZATIONNAME = "Mathew Huusko V";
				TargetAttributes = {
					00D15EB31855520C00336935 = {
						DevelopmentTeam = KG7LGVJ8EA;
					};
				};
			};
			buildConfigurationList = 00D15EAF1855520C00336935 /* Build configuration list for PBXProject "Gestr" */;
			compatibilityVersion = "Xcode 3.2";
			developmentRegion = English;
			hasScannedForEncodings = 0;
			knownRegions = (
				en,
				Base,
			);
			mainGroup = 00D15EAB1855520C00336935;
			productRefGroup = 00D15EB51855520C00336935 /* Products */;
			projectDirPath = "";
			projectRoot = "";
			targets = (
				00D15EB31855520C00336935 /* Gestr */,
			);
		};
/* End PBXProject section */

/* Begin PBXResourcesBuildPhase section */
		00D15EB21855520C00336935 /* Resources */ = {
			isa = PBXResourcesBuildPhase;
			buildActionMask = 2147483647;
			files = (
				0029FE1E18557DE600BDBA25 /* trackpadBackground.png in Resources */,
				003743101885E30600F9B53A /* Images.xcassets in Resources */,
				0029FE1418557DE600BDBA25 /* niceLine.png in Resources */,
				0029FE0F18557DE600BDBA25 /* MainMenu.xib in Resources */,
				0029FDFB18557DE600BDBA25 /* background2.png in Resources */,
				0029FE1D18557DE600BDBA25 /* tableCellBack.png in Resources */,
				0029FE1518557DE600BDBA25 /* niceLineFlipped.png in Resources */,
			);
			runOnlyForDeploymentPostprocessing = 0;
		};
/* End PBXResourcesBuildPhase section */

/* Begin PBXSourcesBuildPhase section */
		00D15EB01855520C00336935 /* Sources */ = {
			isa = PBXSourcesBuildPhase;
			buildActionMask = 2147483647;
			files = (
				0029FDF518557DE600BDBA25 /* Application.m in Sources */,
				0029FE1B18557DE600BDBA25 /* ShadowTextFieldCell.m in Sources */,
				0029FE0B18557DE600BDBA25 /* GestureTemplate.m in Sources */,
				0029FE0318557DE600BDBA25 /* GestureRecognitionWindow.m in Sources */,
				0029FE1218557DE600BDBA25 /* MultitouchManager.m in Sources */,
				0029FDF318557DE600BDBA25 /* AppButtonCell.m in Sources */,
				0029FE0A18557DE600BDBA25 /* GestureStroke.m in Sources */,
				0029FE0918557DE600BDBA25 /* GestureSetupWindow.m in Sources */,
				0029FDFF18557DE600BDBA25 /* GesturePoint.m in Sources */,
				0029FE1718557DE600BDBA25 /* NSColor+ColorExtensions.m in Sources */,
				0029FDFC18557DE600BDBA25 /* ChromePage.m in Sources */,
				0029FDF718557DE600BDBA25 /* AppTableCellView.m in Sources */,
				0029FE1818557DE600BDBA25 /* NSStatusItemPrioritizer.m in Sources */,
				0029FE0018557DE600BDBA25 /* GestureRecognitionController.m in Sources */,
				0029FDF618557DE600BDBA25 /* AppSegmentedCell.m in Sources */,
				0029FE0518557DE600BDBA25 /* GestureResult.m in Sources */,
				0029FE1018557DE600BDBA25 /* MultitouchEvent.m in Sources */,
				0029FE0618557DE600BDBA25 /* GestureSetupController.m in Sources */,
				0029FDF418557DE600BDBA25 /* AppController.m in Sources */,
				00B20D2518C3EE480037706A /* RoundedCornerView.m in Sources */,
				0029FE0D18557DE600BDBA25 /* Launchable.m in Sources */,
				0029FE0E18557DE600BDBA25 /* main.m in Sources */,
				0029FDF818557DE600BDBA25 /* AppTableView.m in Sources */,
				0029FE0118557DE600BDBA25 /* GestureRecognitionModel.m in Sources */,
				0029FE1918557DE600BDBA25 /* RepeatedImageView.m in Sources */,
				0029FE1118557DE600BDBA25 /* MultitouchListener.m in Sources */,
				0029FE1A18557DE600BDBA25 /* SafariPage.m in Sources */,
				0029FDF918557DE600BDBA25 /* AppTextFieldCell.m in Sources */,
				0029FE1F18557DE600BDBA25 /* WebPage.m in Sources */,
				0029FE0218557DE600BDBA25 /* GestureRecognitionView.m in Sources */,
				0029FE0718557DE600BDBA25 /* GestureSetupModel.m in Sources */,
				0029FE1618557DE600BDBA25 /* NSBezierPath+MCAdditions.m in Sources */,
				0029FE0C18557DE600BDBA25 /* GestureUtils.m in Sources */,
				0029FDFE18557DE600BDBA25 /* Gesture.m in Sources */,
				0029FE0818557DE600BDBA25 /* GestureSetupView.m in Sources */,
				0029FE1318557DE600BDBA25 /* MultitouchTouch.m in Sources */,
				0029FE0418557DE600BDBA25 /* GestureRecognizer.m in Sources */,
			);
			runOnlyForDeploymentPostprocessing = 0;
		};
/* End PBXSourcesBuildPhase section */

/* Begin XCBuildConfiguration section */
		00D15EE31855520D00336935 /* Debug */ = {
			isa = XCBuildConfiguration;
			buildSettings = {
				CLANG_ENABLE_OBJC_ARC = YES;
				MACOSX_DEPLOYMENT_TARGET = 10.7;
				SDKROOT = macosx10.8;
			};
			name = Debug;
		};
		00D15EE41855520D00336935 /* Release */ = {
			isa = XCBuildConfiguration;
			buildSettings = {
				CLANG_ENABLE_OBJC_ARC = YES;
				MACOSX_DEPLOYMENT_TARGET = 10.7;
				SDKROOT = macosx10.8;
			};
			name = Release;
		};
		00D15EE61855520D00336935 /* Debug */ = {
			isa = XCBuildConfiguration;
			buildSettings = {
				ASSETCATALOG_COMPILER_APPICON_NAME = AppIcon;
				CODE_SIGN_IDENTITY = "Developer ID Application";
				FRAMEWORK_SEARCH_PATHS = (
					"$(inherited)",
					"$(SYSTEM_LIBRARY_DIR)/PrivateFrameworks",
					./Gestr,
				);
				GCC_PRECOMPILE_PREFIX_HEADER = YES;
				GCC_PREFIX_HEADER = "Gestr/Gestr-Prefix.pch";
				INFOPLIST_FILE = "Gestr/Gestr-Info.plist";
				OTHER_CODE_SIGN_FLAGS = "--deep";
				PRODUCT_NAME = Gestr;
				PROVISIONING_PROFILE = "39B56C00-1F1C-4E8B-9055-22A67468A3B9";
				WRAPPER_EXTENSION = app;
			};
			name = Debug;
		};
		00D15EE71855520D00336935 /* Release */ = {
			isa = XCBuildConfiguration;
			buildSettings = {
				ASSETCATALOG_COMPILER_APPICON_NAME = AppIcon;
				CODE_SIGN_IDENTITY = "Developer ID Application";
				FRAMEWORK_SEARCH_PATHS = (
					"$(inherited)",
					"$(SYSTEM_LIBRARY_DIR)/PrivateFrameworks",
					./Gestr,
				);
				GCC_PRECOMPILE_PREFIX_HEADER = YES;
				GCC_PREFIX_HEADER = "Gestr/Gestr-Prefix.pch";
				INFOPLIST_FILE = "Gestr/Gestr-Info.plist";
				OTHER_CODE_SIGN_FLAGS = "--deep";
				PRODUCT_NAME = Gestr;
				PROVISIONING_PROFILE = "39B56C00-1F1C-4E8B-9055-22A67468A3B9";
				WRAPPER_EXTENSION = app;
			};
			name = Release;
		};
/* End XCBuildConfiguration section */

/* Begin XCConfigurationList section */
		00D15EAF1855520C00336935 /* Build configuration list for PBXProject "Gestr" */ = {
			isa = XCConfigurationList;
			buildConfigurations = (
				00D15EE31855520D00336935 /* Debug */,
				00D15EE41855520D00336935 /* Release */,
			);
			defaultConfigurationIsVisible = 0;
			defaultConfigurationName = Release;
		};
		00D15EE51855520D00336935 /* Build configuration list for PBXNativeTarget "Gestr" */ = {
			isa = XCConfigurationList;
			buildConfigurations = (
				00D15EE61855520D00336935 /* Debug */,
				00D15EE71855520D00336935 /* Release */,
			);
			defaultConfigurationIsVisible = 0;
			defaultConfigurationName = Release;
		};
/* End XCConfigurationList section */
	};
	rootObject = 00D15EAC1855520C00336935 /* Project object */;
}
